
Microsoft Visual Studio Solution File, Format Version 12.00
# Visual Studio Version 17
VisualStudioVersion = 17.4.33110.190
MinimumVisualStudioVersion = 10.0.40219.1
Project("{9A19103F-16F7-4668-BE54-9A1E7A4F7556}") = "DacpacDataMigrations.Tests", "DacpacDataMigrations.Tests\DacpacDataMigrations.Tests.csproj", "{1BBC87C6-68AB-468E-A50C-8E48F09C625D}"
EndProject
Project("{9A19103F-16F7-4668-BE54-9A1E7A4F7556}") = "DacpacDataMigrations", "DacpacDataMigrations\DacpacDataMigrations.csproj", "{680B2FA9-1DB3-4C78-8BAA-41040D50204F}"
EndProject
Global
	GlobalSection(SolutionConfigurationPlatforms) = preSolution
		Debug|Any CPU = Debug|Any CPU
		Release|Any CPU = Release|Any CPU
	EndGlobalSection
	GlobalSection(ProjectConfigurationPlatforms) = postSolution
		{1BBC87C6-68AB-468E-A50C-8E48F09C625D}.Debug|Any CPU.ActiveCfg = Debug|Any CPU
		{1BBC87C6-68AB-468E-A50C-8E48F09C625D}.Debug|Any CPU.Build.0 = Debug|Any CPU
		{1BBC87C6-68AB-468E-A50C-8E48F09C625D}.Release|Any CPU.ActiveCfg = Release|Any CPU
		{1BBC87C6-68AB-468E-A50C-8E48F09C625D}.Release|Any CPU.Build.0 = Release|Any CPU
		{680B2FA9-1DB3-4C78-8BAA-41040D50204F}.Debug|Any CPU.ActiveCfg = Debug|Any CPU
		{680B2FA9-1DB3-4C78-8BAA-41040D50204F}.Debug|Any CPU.Build.0 = Debug|Any CPU
		{680B2FA9-1DB3-4C78-8BAA-41040D50204F}.Release|Any CPU.ActiveCfg = Release|Any CPU
		{680B2FA9-1DB3-4C78-8BAA-41040D50204F}.Release|Any CPU.Build.0 = Release|Any CPU
	EndGlobalSection
	GlobalSection(SolutionProperties) = preSolution
		HideSolutionNode = FALSE
	EndGlobalSection
	GlobalSection(ExtensibilityGlobals) = postSolution
		SolutionGuid = {1F51EDCC-4B6E-49D7-BAA4-ABF8C3837787}
	EndGlobalSection
EndGlobal
